
Microsoft Visual Studio Solution File, Format Version 12.00
# Visual Studio Version 17
VisualStudioVersion = 17.4.33103.184
MinimumVisualStudioVersion = 10.0.40219.1
Project("{FAE04EC0-301F-11D3-BF4B-00C04F79EFBC}") = "AreaTrianguloForms", "AreaTrianguloForms\AreaTrianguloForms.csproj", "{DE77F7E8-AE91-4C8D-A0E4-17E8DF046C98}"
EndProject
Global
	GlobalSection(SolutionConfigurationPlatforms) = preSolution
		Debug|Any CPU = Debug|Any CPU
		Release|Any CPU = Release|Any CPU
	EndGlobalSection
	GlobalSection(ProjectConfigurationPlatforms) = postSolution
		{DE77F7E8-AE91-4C8D-A0E4-17E8DF046C98}.Debug|Any CPU.ActiveCfg = Debug|Any CPU
		{DE77F7E8-AE91-4C8D-A0E4-17E8DF046C98}.Debug|Any CPU.Build.0 = Debug|Any CPU
		{DE77F7E8-AE91-4C8D-A0E4-17E8DF046C98}.Release|Any CPU.ActiveCfg = Release|Any CPU
		{DE77F7E8-AE91-4C8D-A0E4-17E8DF046C98}.Release|Any CPU.Build.0 = Release|Any CPU
	EndGlobalSection
	GlobalSection(SolutionProperties) = preSolution
		HideSolutionNode = FALSE
	EndGlobalSection
	GlobalSection(ExtensibilityGlobals) = postSolution
		SolutionGuid = {8F635C95-8F91-48C5-9C09-6EBDB06A1541}
	EndGlobalSection
EndGlobal
